
Microsoft Visual Studio Solution File, Format Version 12.00
# Visual Studio Version 17
VisualStudioVersion = 17.14.36301.6 d17.14
MinimumVisualStudioVersion = 10.0.40219.1
Project("{FAE04EC0-301F-11D3-BF4B-00C04F79EFBC}") = "CastleGenerationCLI", "CastleGenerationCLI\CastleGenerationCLI.csproj", "{398F6675-BBBA-43A7-97DE-87628B31F60C}"
EndProject
Project("{FAE04EC0-301F-11D3-BF4B-00C04F79EFBC}") = "CastleGenerationSimulation", "..\CastleGenerationSimulation\CastleGenerationSimulation.csproj", "{96FB25E2-9F36-47BF-8FBC-2BD81280E13E}"
EndProject
Global
	GlobalSection(SolutionConfigurationPlatforms) = preSolution
		Debug|Any CPU = Debug|Any CPU
		Release|Any CPU = Release|Any CPU
	EndGlobalSection
	GlobalSection(ProjectConfigurationPlatforms) = postSolution
		{398F6675-BBBA-43A7-97DE-87628B31F60C}.Debug|Any CPU.ActiveCfg = Debug|Any CPU
		{398F6675-BBBA-43A7-97DE-87628B31F60C}.Debug|Any CPU.Build.0 = Debug|Any CPU
		{398F6675-BBBA-43A7-97DE-87628B31F60C}.Release|Any CPU.ActiveCfg = Release|Any CPU
		{398F6675-BBBA-43A7-97DE-87628B31F60C}.Release|Any CPU.Build.0 = Release|Any CPU
		{96FB25E2-9F36-47BF-8FBC-2BD81280E13E}.Debug|Any CPU.ActiveCfg = Debug|Any CPU
		{96FB25E2-9F36-47BF-8FBC-2BD81280E13E}.Debug|Any CPU.Build.0 = Debug|Any CPU
		{96FB25E2-9F36-47BF-8FBC-2BD81280E13E}.Release|Any CPU.ActiveCfg = Release|Any CPU
		{96FB25E2-9F36-47BF-8FBC-2BD81280E13E}.Release|Any CPU.Build.0 = Release|Any CPU
	EndGlobalSection
	GlobalSection(SolutionProperties) = preSolution
		HideSolutionNode = FALSE
	EndGlobalSection
	GlobalSection(ExtensibilityGlobals) = postSolution
		SolutionGuid = {0A6BA174-630F-4A9A-A8A3-4767999F18D6}
	EndGlobalSection
EndGlobal
